
Microsoft Visual Studio Solution File, Format Version 12.00
Project("{FAE04EC0-301F-11D3-BF4B-00C04F79EFBC}") = "Dependency Injection Lifetimes", "Dependency Injection Lifetimes\Dependency Injection Lifetimes.csproj", "{6B987CC5-D31C-4AC2-8EF2-94F911481022}"
EndProject
Global
	GlobalSection(SolutionConfigurationPlatforms) = preSolution
		Debug|Any CPU = Debug|Any CPU
		Release|Any CPU = Release|Any CPU
	EndGlobalSection
	GlobalSection(ProjectConfigurationPlatforms) = postSolution
		{6B987CC5-D31C-4AC2-8EF2-94F911481022}.Debug|Any CPU.ActiveCfg = Debug|Any CPU
		{6B987CC5-D31C-4AC2-8EF2-94F911481022}.Debug|Any CPU.Build.0 = Debug|Any CPU
		{6B987CC5-D31C-4AC2-8EF2-94F911481022}.Release|Any CPU.ActiveCfg = Release|Any CPU
		{6B987CC5-D31C-4AC2-8EF2-94F911481022}.Release|Any CPU.Build.0 = Release|Any CPU
	EndGlobalSection
EndGlobal
